
Microsoft Visual Studio Solution File, Format Version 12.00
# Visual Studio Version 17
VisualStudioVersion = 17.3.32901.215
MinimumVisualStudioVersion = 10.0.40219.1
Project("{9A19103F-16F7-4668-BE54-9A1E7A4F7556}") = "Ivi.GORestSpecflow", "Ivi.GORestSpecflow.csproj", "{2821C2D7-419C-40C4-84D9-4E01D0B730A3}"
EndProject
Global
	GlobalSection(SolutionConfigurationPlatforms) = preSolution
		Debug|Any CPU = Debug|Any CPU
		Release|Any CPU = Release|Any CPU
	EndGlobalSection
	GlobalSection(ProjectConfigurationPlatforms) = postSolution
		{2821C2D7-419C-40C4-84D9-4E01D0B730A3}.Debug|Any CPU.ActiveCfg = Debug|Any CPU
		{2821C2D7-419C-40C4-84D9-4E01D0B730A3}.Debug|Any CPU.Build.0 = Debug|Any CPU
		{2821C2D7-419C-40C4-84D9-4E01D0B730A3}.Release|Any CPU.ActiveCfg = Release|Any CPU
		{2821C2D7-419C-40C4-84D9-4E01D0B730A3}.Release|Any CPU.Build.0 = Release|Any CPU
	EndGlobalSection
	GlobalSection(SolutionProperties) = preSolution
		HideSolutionNode = FALSE
	EndGlobalSection
	GlobalSection(ExtensibilityGlobals) = postSolution
		SolutionGuid = {C103243C-2B77-4F1E-B803-3941F6CF25C8}
	EndGlobalSection
EndGlobal
